
Microsoft Visual Studio Solution File, Format Version 12.00
# Visual Studio 15
VisualStudioVersion = 15.0.27130.2020
MinimumVisualStudioVersion = 10.0.40219.1
Project("{FAE04EC0-301F-11D3-BF4B-00C04F79EFBC}") = "BlogdoErnandi", "BlogdoErnandi\BlogdoErnandi.csproj", "{FE3A219B-5217-4E93-830C-7D0A65A47021}"
EndProject
Global
	GlobalSection(SolutionConfigurationPlatforms) = preSolution
		Debug|Any CPU = Debug|Any CPU
		Release|Any CPU = Release|Any CPU
	EndGlobalSection
	GlobalSection(ProjectConfigurationPlatforms) = postSolution
		{FE3A219B-5217-4E93-830C-7D0A65A47021}.Debug|Any CPU.ActiveCfg = Debug|Any CPU
		{FE3A219B-5217-4E93-830C-7D0A65A47021}.Debug|Any CPU.Build.0 = Debug|Any CPU
		{FE3A219B-5217-4E93-830C-7D0A65A47021}.Release|Any CPU.ActiveCfg = Release|Any CPU
		{FE3A219B-5217-4E93-830C-7D0A65A47021}.Release|Any CPU.Build.0 = Release|Any CPU
	EndGlobalSection
	GlobalSection(SolutionProperties) = preSolution
		HideSolutionNode = FALSE
	EndGlobalSection
	GlobalSection(ExtensibilityGlobals) = postSolution
		SolutionGuid = {BBAA93F1-0262-4B2D-B26D-9CE9ECE32C89}
	EndGlobalSection
EndGlobal
